// !$*UTF8*$!
{
	archiveVersion = 1;
	classes = {
	};
	objectVersion = 50;
	objects = {

/* Begin PBXBuildFile section */
		E68DAE1D239B95A400B1BC41 /* AppDelegate.swift in Sources */ = {isa = PBXBuildFile; fileRef = E68DAE1C239B95A400B1BC41 /* AppDelegate.swift */; };
		E68DAE1F239B95A400B1BC41 /* SceneDelegate.swift in Sources */ = {isa = PBXBuildFile; fileRef = E68DAE1E239B95A400B1BC41 /* SceneDelegate.swift */; };
		E68DAE21239B95A400B1BC41 /* ViewController.swift in Sources */ = {isa = PBXBuildFile; fileRef = E68DAE20239B95A400B1BC41 /* ViewController.swift */; };
		E68DAE24239B95A400B1BC41 /* Main.storyboard in Resources */ = {isa = PBXBuildFile; fileRef = E68DAE22239B95A400B1BC41 /* Main.storyboard */; };
		E68DAE26239B95A500B1BC41 /* Assets.xcassets in Resources */ = {isa = PBXBuildFile; fileRef = E68DAE25239B95A500B1BC41 /* Assets.xcassets */; };
		E68DAE29239B95A500B1BC41 /* LaunchScreen.storyboard in Resources */ = {isa = PBXBuildFile; fileRef = E68DAE27239B95A500B1BC41 /* LaunchScreen.storyboard */; };
/* End PBXBuildFile section */

/* Begin PBXFileReference section */
		E68DAE19239B95A400B1BC41 /* isound.app */ = {isa = PBXFileReference; explicitFileType = wrapper.application; includeInIndex = 0; path = isound.app; sourceTree = BUILT_PRODUCTS_DIR; };
		E68DAE1C239B95A400B1BC41 /* AppDelegate.swift */ = {isa = PBXFileReference; lastKnownFileType = sourcecode.swift; path = AppDelegate.swift; sourceTree = "<group>"; };
		E68DAE1E239B95A400B1BC41 /* SceneDelegate.swift */ = {isa = PBXFileReference; lastKnownFileType = sourcecode.swift; path = SceneDelegate.swift; sourceTree = "<group>"; };
		E68DAE20239B95A400B1BC41 /* ViewController.swift */ = {isa = PBXFileReference; lastKnownFileType = sourcecode.swift; path = ViewController.swift; sourceTree = "<group>"; };
		E68DAE23239B95A400B1BC41 /* Base */ = {isa = PBXFileReference; lastKnownFileType = file.storyboard; name = Base; path = Base.lproj/Main.storyboard; sourceTree = "<group>"; };
		E68DAE25239B95A500B1BC41 /* Assets.xcassets */ = {isa = PBXFileReference; lastKnownFileType = folder.assetcatalog; path = Assets.xcassets; sourceTree = "<group>"; };
		E68DAE28239B95A500B1BC41 /* Base */ = {isa = PBXFileReference; lastKnownFileType = file.storyboard; name = Base; path = Base.lproj/LaunchScreen.storyboard; sourceTree = "<group>"; };
		E68DAE2A239B95A500B1BC41 /* Info.plist */ = {isa = PBXFileReference; lastKnownFileType = text.plist.xml; path = Info.plist; sourceTree = "<group>"; };
/* End PBXFileReference section */

/* Begin PBXFrameworksBuildPhase section */
		E68DAE16239B95A400B1BC41 /* Frameworks */ = {
			isa = PBXFrameworksBuildPhase;
			buildActionMask = 2147483647;
			files = (
			);
			runOnlyForDeploymentPostprocessing = 0;
		};
/* End PBXFrameworksBuildPhase section */

/* Begin PBXGroup section */
		E68DAE10239B95A400B1BC41 = {
			isa = PBXGroup;
			children = (
				E68DAE1B239B95A400B1BC41 /* isound */,
				E68DAE1A239B95A400B1BC41 /* Products */,
			);
			sourceTree = "<group>";
		};
		E68DAE1A239B95A400B1BC41 /* Products */ = {
			isa = PBXGroup;
			children = (
				E68DAE19239B95A400B1BC41 /* isound.app */,
			);
			name = Products;
			sourceTree = "<group>";
		};
		E68DAE1B239B95A400B1BC41 /* isound */ = {
			isa = PBXGroup;
			children = (
				E68DAE1C239B95A400B1BC41 /* AppDelegate.swift */,
				E68DAE1E239B95A400B1BC41 /* SceneDelegate.swift */,
				E68DAE20239B95A400B1BC41 /* ViewController.swift */,
				E68DAE22239B95A400B1BC41 /* Main.storyboard */,
				E68DAE25239B95A500B1BC41 /* Assets.xcassets */,
				E68DAE27239B95A500B1BC41 /* LaunchScreen.storyboard */,
				E68DAE2A239B95A500B1BC41 /* Info.plist */,
			);
			path = isound;
			sourceTree = "<group>";
		};
/* End PBXGroup section */

/* Begin PBXNativeTarget section */
		E68DAE18239B95A400B1BC41 /* isound */ = {
			isa = PBXNativeTarget;
			buildConfigurationList = E68DAE2D239B95A500B1BC41 /* Build configuration list for PBXNativeTarget "isound" */;
			buildPhases = (
				E68DAE15239B95A400B1BC41 /* Sources */,
				E68DAE16239B95A400B1BC41 /* Frameworks */,
				E68DAE17239B95A400B1BC41 /* Resources */,
			);
			buildRules = (
			);
			dependencies = (
			);
			name = isound;
			productName = isound;
			productReference = E68DAE19239B95A400B1BC41 /* isound.app */;
			productType = "com.apple.product-type.application";
		};
/* End PBXNativeTarget section */

/* Begin PBXProject section */
		E68DAE11239B95A400B1BC41 /* Project object */ = {
			isa = PBXProject;
			attributes = {
				LastSwiftUpdateCheck = 1120;
				LastUpgradeCheck = 1120;
				ORGANIZATIONNAME = jsl;
				TargetAttributes = {
					E68DAE18239B95A400B1BC41 = {
						CreatedOnToolsVersion = 11.2.1;
					};
				};
			};
			buildConfigurationList = E68DAE14239B95A400B1BC41 /* Build configuration list for PBXProject "isound" */;
			compatibilityVersion = "Xcode 9.3";
			developmentRegion = en;
			hasScannedForEncodings = 0;
			knownRegions = (
				en,
				Base,
			);
			mainGroup = E68DAE10239B95A400B1BC41;
			productRefGroup = E68DAE1A239B95A400B1BC41 /* Products */;
			projectDirPath = "";
			projectRoot = "";
			targets = (
				E68DAE18239B95A400B1BC41 /* isound */,
			);
		};
/* End PBXProject section */

/* Begin PBXResourcesBuildPhase section */
		E68DAE17239B95A400B1BC41 /* Resources */ = {
			isa = PBXResourcesBuildPhase;
			buildActionMask = 2147483647;
			files = (
				E68DAE29239B95A500B1BC41 /* LaunchScreen.storyboard in Resources */,
				E68DAE26239B95A500B1BC41 /* Assets.xcassets in Resources */,
				E68DAE24239B95A400B1BC41 /* Main.storyboard in Resources */,
			);
			runOnlyForDeploymentPostprocessing = 0;
		};
/* End PBXResourcesBuildPhase section */

/* Begin PBXSourcesBuildPhase section */
		E68DAE15239B95A400B1BC41 /* Sources */ = {
			isa = PBXSourcesBuildPhase;
			buildActionMask = 2147483647;
			files = (
				E68DAE21239B95A400B1BC41 /* ViewController.swift in Sources */,
				E68DAE1D239B95A400B1BC41 /* AppDelegate.swift in Sources */,
				E68DAE1F239B95A400B1BC41 /* SceneDelegate.swift in Sources */,
			);
			runOnlyForDeploymentPostprocessing = 0;
		};
/* End PBXSourcesBuildPhase section */

/* Begin PBXVariantGroup section */
		E68DAE22239B95A400B1BC41 /* Main.storyboard */ = {
			isa = PBXVariantGroup;
			children = (
				E68DAE23239B95A400B1BC41 /* Base */,
			);
			name = Main.storyboard;
			sourceTree = "<group>";
		};
		E68DAE27239B95A500B1BC41 /* LaunchScreen.storyboard */ = {
			isa = PBXVariantGroup;
			children = (
				E68DAE28239B95A500B1BC41 /* Base */,
			);
			name = LaunchScreen.storyboard;
			sourceTree = "<group>";
		};
/* End PBXVariantGroup section */

/* Begin XCBuildConfiguration section */
		E68DAE2B239B95A500B1BC41 /* Debug */ = {
			isa = XCBuildConfiguration;
			buildSettings = {
				ALWAYS_SEARCH_USER_PATHS = NO;
				CLANG_ANALYZER_NONNULL = YES;
				CLANG_ANALYZER_NUMBER_OBJECT_CONVERSION = YES_AGGRESSIVE;
				CLANG_CXX_LANGUAGE_STANDARD = "gnu++14";
				CLANG_CXX_LIBRARY = "libc++";
				CLANG_ENABLE_MODULES = YES;
				CLANG_ENABLE_OBJC_ARC = YES;
				CLANG_ENABLE_OBJC_WEAK = YES;
				CLANG_WARN_BLOCK_CAPTURE_AUTORELEASING = YES;
				CLANG_WARN_BOOL_CONVERSION = YES;
				CLANG_WARN_COMMA = YES;
				CLANG_WARN_CONSTANT_CONVERSION = YES;
				CLANG_WARN_DEPRECATED_OBJC_IMPLEMENTATIONS = YES;
				CLANG_WARN_DIRECT_OBJC_ISA_USAGE = YES_ERROR;
				CLANG_WARN_DOCUMENTATION_COMMENTS = YES;
				CLANG_WARN_EMPTY_BODY = YES;
				CLANG_WARN_ENUM_CONVERSION = YES;
				CLANG_WARN_INFINITE_RECURSION = YES;
				CLANG_WARN_INT_CONVERSION = YES;
				CLANG_WARN_NON_LITERAL_NULL_CONVERSION = YES;
				CLANG_WARN_OBJC_IMPLICIT_RETAIN_SELF = YES;
				CLANG_WARN_OBJC_LITERAL_CONVERSION = YES;
				CLANG_WARN_OBJC_ROOT_CLASS = YES_ERROR;
				CLANG_WARN_RANGE_LOOP_ANALYSIS = YES;
				CLANG_WARN_STRICT_PROTOTYPES = YES;
				CLANG_WARN_SUSPICIOUS_MOVE = YES;
				CLANG_WARN_UNGUARDED_AVAILABILITY = YES_AGGRESSIVE;
				CLANG_WARN_UNREACHABLE_CODE = YES;
				CLANG_WARN__DUPLICATE_METHOD_MATCH = YES;
				COPY_PHASE_STRIP = NO;
				DEBUG_INFORMATION_FORMAT = dwarf;
				ENABLE_STRICT_OBJC_MSGSEND = YES;
				ENABLE_TESTABILITY = YES;
				GCC_C_LANGUAGE_STANDARD = gnu11;
				GCC_DYNAMIC_NO_PIC = NO;
				GCC_NO_COMMON_BLOCKS = YES;
				GCC_OPTIMIZATION_LEVEL = 0;
				GCC_PREPROCESSOR_DEFINITIONS = (
					"DEBUG=1",
					"$(inherited)",
				);
				GCC_WARN_64_TO_32_BIT_CONVERSION = YES;
				GCC_WARN_ABOUT_RETURN_TYPE = YES_ERROR;
				GCC_WARN_UNDECLARED_SELECTOR = YES;
				GCC_WARN_UNINITIALIZED_AUTOS = YES_AGGRESSIVE;
				GCC_WARN_UNUSED_FUNCTION = YES;
				GCC_WARN_UNUSED_VARIABLE = YES;
				IPHONEOS_DEPLOYMENT_TARGET = 11.0;
				MTL_ENABLE_DEBUG_INFO = INCLUDE_SOURCE;
				MTL_FAST_MATH = YES;
				ONLY_ACTIVE_ARCH = YES;
				SDKROOT = iphoneos;
				SWIFT_ACTIVE_COMPILATION_CONDITIONS = DEBUG;
				SWIFT_OPTIMIZATION_LEVEL = "-Onone";
			};
			name = Debug;
		};
		E68DAE2C239B95A500B1BC41 /* Release */ = {
			isa = XCBuildConfiguration;
			buildSettings = {
				ALWAYS_SEARCH_USER_PATHS = NO;
				CLANG_ANALYZER_NONNULL = YES;
				CLANG_ANALYZER_NUMBER_OBJECT_CONVERSION = YES_AGGRESSIVE;
				CLANG_CXX_LANGUAGE_STANDARD = "gnu++14";
				CLANG_CXX_LIBRARY = "libc++";
				CLANG_ENABLE_MODULES = YES;
				CLANG_ENABLE_OBJC_ARC = YES;
				CLANG_ENABLE_OBJC_WEAK = YES;
				CLANG_WARN_BLOCK_CAPTURE_AUTORELEASING = YES;
				CLANG_WARN_BOOL_CONVERSION = YES;
				CLANG_WARN_COMMA = YES;
				CLANG_WARN_CONSTANT_CONVERSION = YES;
				CLANG_WARN_DEPRECATED_OBJC_IMPLEMENTATIONS = YES;
				CLANG_WARN_DIRECT_OBJC_ISA_USAGE = YES_ERROR;
				CLANG_WARN_DOCUMENTATION_COMMENTS = YES;
				CLANG_WARN_EMPTY_BODY = YES;
				CLANG_WARN_ENUM_CONVERSION = YES;
				CLANG_WARN_INFINITE_RECURSION = YES;
				CLANG_WARN_INT_CONVERSION = YES;
				CLANG_WARN_NON_LITERAL_NULL_CONVERSION = YES;
				CLANG_WARN_OBJC_IMPLICIT_RETAIN_SELF = YES;
				CLANG_WARN_OBJC_LITERAL_CONVERSION = YES;
				CLANG_WARN_OBJC_ROOT_CLASS = YES_ERROR;
				CLANG_WARN_RANGE_LOOP_ANALYSIS = YES;
				CLANG_WARN_STRICT_PROTOTYPES = YES;
				CLANG_WARN_SUSPICIOUS_MOVE = YES;
				CLANG_WARN_UNGUARDED_AVAILABILITY = YES_AGGRESSIVE;
				CLANG_WARN_UNREACHABLE_CODE = YES;
				CLANG_WARN__DUPLICATE_METHOD_MATCH = YES;
				COPY_PHASE_STRIP = NO;
				DEBUG_INFORMATION_FORMAT = "dwarf-with-dsym";
				ENABLE_NS_ASSERTIONS = NO;
				ENABLE_STRICT_OBJC_MSGSEND = YES;
				GCC_C_LANGUAGE_STANDARD = gnu11;
				GCC_NO_COMMON_BLOCKS = YES;
				GCC_WARN_64_TO_32_BIT_CONVERSION = YES;
				GCC_WARN_ABOUT_RETURN_TYPE = YES_ERROR;
				GCC_WARN_UNDECLARED_SELECTOR = YES;
				GCC_WARN_UNINITIALIZED_AUTOS = YES_AGGRESSIVE;
				GCC_WARN_UNUSED_FUNCTION = YES;
				GCC_WARN_UNUSED_VARIABLE = YES;
				IPHONEOS_DEPLOYMENT_TARGET = 11.0;
				MTL_ENABLE_DEBUG_INFO = NO;
				MTL_FAST_MATH = YES;
				SDKROOT = iphoneos;
				SWIFT_COMPILATION_MODE = wholemodule;
				SWIFT_OPTIMIZATION_LEVEL = "-O";
				VALIDATE_PRODUCT = YES;
			};
			name = Release;
		};
		E68DAE2E239B95A500B1BC41 /* Debug */ = {
			isa = XCBuildConfiguration;
			buildSettings = {
				ASSETCATALOG_COMPILER_APPICON_NAME = AppIcon;
				CODE_SIGN_STYLE = Automatic;
				DEVELOPMENT_TEAM = 7775X5X55P;
				INFOPLIST_FILE = isound/Info.plist;
				LD_RUNPATH_SEARCH_PATHS = (
					"$(inherited)",
					"@executable_path/Frameworks",
				);
				PRODUCT_BUNDLE_IDENTIFIER = com.yiren.isound;
				PRODUCT_NAME = "$(TARGET_NAME)";
				SWIFT_VERSION = 5.0;
				TARGETED_DEVICE_FAMILY = "1,2";
			};
			name = Debug;
		};
		E68DAE2F239B95A500B1BC41 /* Release */ = {
			isa = XCBuildConfiguration;
			buildSettings = {
				ASSETCATALOG_COMPILER_APPICON_NAME = AppIcon;
				CODE_SIGN_STYLE = Automatic;
				DEVELOPMENT_TEAM = 7775X5X55P;
				INFOPLIST_FILE = isound/Info.plist;
				LD_RUNPATH_SEARCH_PATHS = (
					"$(inherited)",
					"@executable_path/Frameworks",
				);
				PRODUCT_BUNDLE_IDENTIFIER = com.yiren.isound;
				PRODUCT_NAME = "$(TARGET_NAME)";
				SWIFT_VERSION = 5.0;
				TARGETED_DEVICE_FAMILY = "1,2";
			};
			name = Release;
		};
/* End XCBuildConfiguration section */

/* Begin XCConfigurationList section */
		E68DAE14239B95A400B1BC41 /* Build configuration list for PBXProject "isound" */ = {
			isa = XCConfigurationList;
			buildConfigurations = (
				E68DAE2B239B95A500B1BC41 /* Debug */,
				E68DAE2C239B95A500B1BC41 /* Release */,
			);
			defaultConfigurationIsVisible = 0;
			defaultConfigurationName = Release;
		};
		E68DAE2D239B95A500B1BC41 /* Build configuration list for PBXNativeTarget "isound" */ = {
			isa = XCConfigurationList;
			buildConfigurations = (
				E68DAE2E239B95A500B1BC41 /* Debug */,
				E68DAE2F239B95A500B1BC41 /* Release */,
			);
			defaultConfigurationIsVisible = 0;
			defaultConfigurationName = Release;
		};
/* End XCConfigurationList section */
	};
	rootObject = E68DAE11239B95A400B1BC41 /* Project object */;
}
